// !$*UTF8*$!
{
	archiveVersion = 1;
	classes = {
	};
	objectVersion = 56;
	objects = {

/* Begin PBXBuildFile section */
		4FBE79E42C47FCA500D2FF5B /* Hackathon3App.swift in Sources */ = {isa = PBXBuildFile; fileRef = 4FBE79E32C47FCA500D2FF5B /* Hackathon3App.swift */; };
		4FBE79E62C47FCA500D2FF5B /* MainScreen.swift in Sources */ = {isa = PBXBuildFile; fileRef = 4FBE79E52C47FCA500D2FF5B /* MainScreen.swift */; };
		4FBE79E82C47FCA600D2FF5B /* Assets.xcassets in Resources */ = {isa = PBXBuildFile; fileRef = 4FBE79E72C47FCA600D2FF5B /* Assets.xcassets */; };
		4FBE79EB2C47FCA600D2FF5B /* Preview Assets.xcassets in Resources */ = {isa = PBXBuildFile; fileRef = 4FBE79EA2C47FCA600D2FF5B /* Preview Assets.xcassets */; };
		4FBE79F82C47FD6800D2FF5B /* ErrorObj.swift in Sources */ = {isa = PBXBuildFile; fileRef = 4FBE79F72C47FD6800D2FF5B /* ErrorObj.swift */; };
		4FBE79FA2C47FD8000D2FF5B /* NetworkEnv.swift in Sources */ = {isa = PBXBuildFile; fileRef = 4FBE79F92C47FD8000D2FF5B /* NetworkEnv.swift */; };
		4FBE79FC2C47FDAC00D2FF5B /* OMDB.swift in Sources */ = {isa = PBXBuildFile; fileRef = 4FBE79FB2C47FDAC00D2FF5B /* OMDB.swift */; };
		4FBE79FF2C47FDC600D2FF5B /* Mammut in Frameworks */ = {isa = PBXBuildFile; productRef = 4FBE79FE2C47FDC600D2FF5B /* Mammut */; };
		4FBE7A022C47FDD300D2FF5B /* SwiftChameleon in Frameworks */ = {isa = PBXBuildFile; productRef = 4FBE7A012C47FDD300D2FF5B /* SwiftChameleon */; };
		4FBE7A042C47FEB200D2FF5B /* Network.swift in Sources */ = {isa = PBXBuildFile; fileRef = 4FBE7A032C47FEB200D2FF5B /* Network.swift */; };
		4FBE7A062C4907E900D2FF5B /* OMDBMovie.swift in Sources */ = {isa = PBXBuildFile; fileRef = 4FBE7A052C4907E900D2FF5B /* OMDBMovie.swift */; };
		4FBE7A082C49080200D2FF5B /* OMDBRating.swift in Sources */ = {isa = PBXBuildFile; fileRef = 4FBE7A072C49080200D2FF5B /* OMDBRating.swift */; };
		4FBE7A0A2C49084400D2FF5B /* OMDBMovies.swift in Sources */ = {isa = PBXBuildFile; fileRef = 4FBE7A092C49084400D2FF5B /* OMDBMovies.swift */; };
		4FBE7A0C2C490E1D00D2FF5B /* TmDB.swift in Sources */ = {isa = PBXBuildFile; fileRef = 4FBE7A0B2C490E1D00D2FF5B /* TmDB.swift */; };
		4FBE7A102C4911A800D2FF5B /* TMDBMovies.swift in Sources */ = {isa = PBXBuildFile; fileRef = 4FBE7A0F2C4911A800D2FF5B /* TMDBMovies.swift */; };
		4FBE7A122C4911BA00D2FF5B /* TMDBMovie.swift in Sources */ = {isa = PBXBuildFile; fileRef = 4FBE7A112C4911BA00D2FF5B /* TMDBMovie.swift */; };
		4FBE7A152C491EE800D2FF5B /* TabItem.swift in Sources */ = {isa = PBXBuildFile; fileRef = 4FBE7A142C491EE800D2FF5B /* TabItem.swift */; };
		4FBE7A182C491F5D00D2FF5B /* MoviesScreen.swift in Sources */ = {isa = PBXBuildFile; fileRef = 4FBE7A172C491F5D00D2FF5B /* MoviesScreen.swift */; };
		4FBE7A1B2C491F7200D2FF5B /* MapScreen.swift in Sources */ = {isa = PBXBuildFile; fileRef = 4FBE7A1A2C491F7200D2FF5B /* MapScreen.swift */; };
		4FBE7A1E2C491F8000D2FF5B /* MatchScreen.swift in Sources */ = {isa = PBXBuildFile; fileRef = 4FBE7A1D2C491F8000D2FF5B /* MatchScreen.swift */; };
		4FBE7A212C491F8C00D2FF5B /* MeScreen.swift in Sources */ = {isa = PBXBuildFile; fileRef = 4FBE7A202C491F8C00D2FF5B /* MeScreen.swift */; };
		4FBE7A232C491F9A00D2FF5B /* MeImage.swift in Sources */ = {isa = PBXBuildFile; fileRef = 4FBE7A222C491F9A00D2FF5B /* MeImage.swift */; };
		4FBE7A262C49220100D2FF5B /* Kingfisher in Frameworks */ = {isa = PBXBuildFile; productRef = 4FBE7A252C49220100D2FF5B /* Kingfisher */; };
		4FBE7A292C49246F00D2FF5B /* LocationManager.swift in Sources */ = {isa = PBXBuildFile; fileRef = 4FBE7A282C49246F00D2FF5B /* LocationManager.swift */; };
		A6441C072C492B9B00B16FB0 /* MovieCard.swift in Sources */ = {isa = PBXBuildFile; fileRef = A6441C062C492B9B00B16FB0 /* MovieCard.swift */; };
		A6F070C12C493FF70098B1C3 /* StarView.swift in Sources */ = {isa = PBXBuildFile; fileRef = A6F070C02C493FF70098B1C3 /* StarView.swift */; };
		A6F070C32C4948350098B1C3 /* MovieDetail.swift in Sources */ = {isa = PBXBuildFile; fileRef = A6F070C22C4948350098B1C3 /* MovieDetail.swift */; };
/* End PBXBuildFile section */

/* Begin PBXFileReference section */
		4FBE79E02C47FCA500D2FF5B /* Hackathon3.app */ = {isa = PBXFileReference; explicitFileType = wrapper.application; includeInIndex = 0; path = Hackathon3.app; sourceTree = BUILT_PRODUCTS_DIR; };
		4FBE79E32C47FCA500D2FF5B /* Hackathon3App.swift */ = {isa = PBXFileReference; lastKnownFileType = sourcecode.swift; path = Hackathon3App.swift; sourceTree = "<group>"; };
		4FBE79E52C47FCA500D2FF5B /* MainScreen.swift */ = {isa = PBXFileReference; lastKnownFileType = sourcecode.swift; path = MainScreen.swift; sourceTree = "<group>"; };
		4FBE79E72C47FCA600D2FF5B /* Assets.xcassets */ = {isa = PBXFileReference; lastKnownFileType = folder.assetcatalog; path = Assets.xcassets; sourceTree = "<group>"; };
		4FBE79EA2C47FCA600D2FF5B /* Preview Assets.xcassets */ = {isa = PBXFileReference; lastKnownFileType = folder.assetcatalog; path = "Preview Assets.xcassets"; sourceTree = "<group>"; };
		4FBE79F72C47FD6800D2FF5B /* ErrorObj.swift */ = {isa = PBXFileReference; lastKnownFileType = sourcecode.swift; path = ErrorObj.swift; sourceTree = "<group>"; };
		4FBE79F92C47FD8000D2FF5B /* NetworkEnv.swift */ = {isa = PBXFileReference; lastKnownFileType = sourcecode.swift; path = NetworkEnv.swift; sourceTree = "<group>"; };
		4FBE79FB2C47FDAC00D2FF5B /* OMDB.swift */ = {isa = PBXFileReference; lastKnownFileType = sourcecode.swift; path = OMDB.swift; sourceTree = "<group>"; };
		4FBE7A032C47FEB200D2FF5B /* Network.swift */ = {isa = PBXFileReference; lastKnownFileType = sourcecode.swift; path = Network.swift; sourceTree = "<group>"; };
		4FBE7A052C4907E900D2FF5B /* OMDBMovie.swift */ = {isa = PBXFileReference; lastKnownFileType = sourcecode.swift; path = OMDBMovie.swift; sourceTree = "<group>"; };
		4FBE7A072C49080200D2FF5B /* OMDBRating.swift */ = {isa = PBXFileReference; lastKnownFileType = sourcecode.swift; path = OMDBRating.swift; sourceTree = "<group>"; };
		4FBE7A092C49084400D2FF5B /* OMDBMovies.swift */ = {isa = PBXFileReference; lastKnownFileType = sourcecode.swift; path = OMDBMovies.swift; sourceTree = "<group>"; };
		4FBE7A0B2C490E1D00D2FF5B /* TmDB.swift */ = {isa = PBXFileReference; lastKnownFileType = sourcecode.swift; path = TmDB.swift; sourceTree = "<group>"; };
		4FBE7A0F2C4911A800D2FF5B /* TMDBMovies.swift */ = {isa = PBXFileReference; lastKnownFileType = sourcecode.swift; path = TMDBMovies.swift; sourceTree = "<group>"; };
		4FBE7A112C4911BA00D2FF5B /* TMDBMovie.swift */ = {isa = PBXFileReference; lastKnownFileType = sourcecode.swift; path = TMDBMovie.swift; sourceTree = "<group>"; };
		4FBE7A142C491EE800D2FF5B /* TabItem.swift */ = {isa = PBXFileReference; lastKnownFileType = sourcecode.swift; path = TabItem.swift; sourceTree = "<group>"; };
		4FBE7A172C491F5D00D2FF5B /* MoviesScreen.swift */ = {isa = PBXFileReference; lastKnownFileType = sourcecode.swift; path = MoviesScreen.swift; sourceTree = "<group>"; };
		4FBE7A1A2C491F7200D2FF5B /* MapScreen.swift */ = {isa = PBXFileReference; lastKnownFileType = sourcecode.swift; path = MapScreen.swift; sourceTree = "<group>"; };
		4FBE7A1D2C491F8000D2FF5B /* MatchScreen.swift */ = {isa = PBXFileReference; lastKnownFileType = sourcecode.swift; path = MatchScreen.swift; sourceTree = "<group>"; };
		4FBE7A202C491F8C00D2FF5B /* MeScreen.swift */ = {isa = PBXFileReference; lastKnownFileType = sourcecode.swift; path = MeScreen.swift; sourceTree = "<group>"; };
		4FBE7A222C491F9A00D2FF5B /* MeImage.swift */ = {isa = PBXFileReference; lastKnownFileType = sourcecode.swift; path = MeImage.swift; sourceTree = "<group>"; };
		4FBE7A282C49246F00D2FF5B /* LocationManager.swift */ = {isa = PBXFileReference; lastKnownFileType = sourcecode.swift; path = LocationManager.swift; sourceTree = "<group>"; };
		A6441C062C492B9B00B16FB0 /* MovieCard.swift */ = {isa = PBXFileReference; lastKnownFileType = sourcecode.swift; path = MovieCard.swift; sourceTree = "<group>"; };
		A6F070C02C493FF70098B1C3 /* StarView.swift */ = {isa = PBXFileReference; lastKnownFileType = sourcecode.swift; path = StarView.swift; sourceTree = "<group>"; };
		A6F070C22C4948350098B1C3 /* MovieDetail.swift */ = {isa = PBXFileReference; lastKnownFileType = sourcecode.swift; path = MovieDetail.swift; sourceTree = "<group>"; };
/* End PBXFileReference section */

/* Begin PBXFrameworksBuildPhase section */
		4FBE79DD2C47FCA500D2FF5B /* Frameworks */ = {
			isa = PBXFrameworksBuildPhase;
			buildActionMask = 2147483647;
			files = (
				4FBE7A262C49220100D2FF5B /* Kingfisher in Frameworks */,
				4FBE79FF2C47FDC600D2FF5B /* Mammut in Frameworks */,
				4FBE7A022C47FDD300D2FF5B /* SwiftChameleon in Frameworks */,
			);
			runOnlyForDeploymentPostprocessing = 0;
		};
/* End PBXFrameworksBuildPhase section */

/* Begin PBXGroup section */
		4FBE79D72C47FCA500D2FF5B = {
			isa = PBXGroup;
			children = (
				4FBE79E22C47FCA500D2FF5B /* Hackathon3 */,
				4FBE79E12C47FCA500D2FF5B /* Products */,
			);
			sourceTree = "<group>";
		};
		4FBE79E12C47FCA500D2FF5B /* Products */ = {
			isa = PBXGroup;
			children = (
				4FBE79E02C47FCA500D2FF5B /* Hackathon3.app */,
			);
			name = Products;
			sourceTree = "<group>";
		};
		4FBE79E22C47FCA500D2FF5B /* Hackathon3 */ = {
			isa = PBXGroup;
			children = (
				4FBE79F32C47FD3400D2FF5B /* App */,
				4FBE79F22C47FD2F00D2FF5B /* Common */,
				4FBE79F12C47FD2A00D2FF5B /* Resources */,
				4FBE79E92C47FCA600D2FF5B /* Preview Content */,
			);
			path = Hackathon3;
			sourceTree = "<group>";
		};
		4FBE79E92C47FCA600D2FF5B /* Preview Content */ = {
			isa = PBXGroup;
			children = (
				4FBE79EA2C47FCA600D2FF5B /* Preview Assets.xcassets */,
			);
			path = "Preview Content";
			sourceTree = "<group>";
		};
		4FBE79F12C47FD2A00D2FF5B /* Resources */ = {
			isa = PBXGroup;
			children = (
				4FBE79E72C47FCA600D2FF5B /* Assets.xcassets */,
			);
			path = Resources;
			sourceTree = "<group>";
		};
		4FBE79F22C47FD2F00D2FF5B /* Common */ = {
			isa = PBXGroup;
			children = (
				4FBE7A272C49246500D2FF5B /* Managers */,
				4FBE7A132C491ED100D2FF5B /* UIComponents */,
				4FBE79F52C47FD4F00D2FF5B /* Network */,
			);
			path = Common;
			sourceTree = "<group>";
		};
		4FBE79F32C47FD3400D2FF5B /* App */ = {
			isa = PBXGroup;
			children = (
				4FBE7A1F2C491F8400D2FF5B /* Me */,
				4FBE7A1C2C491F7400D2FF5B /* Match */,
				4FBE7A192C491F6100D2FF5B /* Map */,
				4FBE7A162C491F5100D2FF5B /* Movies */,
				4FBE79F42C47FD3800D2FF5B /* Main */,
			);
			path = App;
			sourceTree = "<group>";
		};
		4FBE79F42C47FD3800D2FF5B /* Main */ = {
			isa = PBXGroup;
			children = (
				4FBE79E32C47FCA500D2FF5B /* Hackathon3App.swift */,
				4FBE79E52C47FCA500D2FF5B /* MainScreen.swift */,
				4FBE7A142C491EE800D2FF5B /* TabItem.swift */,
			);
			path = Main;
			sourceTree = "<group>";
		};
		4FBE79F52C47FD4F00D2FF5B /* Network */ = {
			isa = PBXGroup;
			children = (
				4FBE79F62C47FD5F00D2FF5B /* Responses */,
				4FBE79F92C47FD8000D2FF5B /* NetworkEnv.swift */,
				4FBE79FB2C47FDAC00D2FF5B /* OMDB.swift */,
				4FBE7A032C47FEB200D2FF5B /* Network.swift */,
				4FBE7A0B2C490E1D00D2FF5B /* TmDB.swift */,
			);
			path = Network;
			sourceTree = "<group>";
		};
		4FBE79F62C47FD5F00D2FF5B /* Responses */ = {
			isa = PBXGroup;
			children = (
				4FBE7A0E2C49111A00D2FF5B /* TMDB */,
				4FBE7A0D2C49111200D2FF5B /* OMDB */,
				4FBE79F72C47FD6800D2FF5B /* ErrorObj.swift */,
			);
			path = Responses;
			sourceTree = "<group>";
		};
		4FBE7A0D2C49111200D2FF5B /* OMDB */ = {
			isa = PBXGroup;
			children = (
				4FBE7A052C4907E900D2FF5B /* OMDBMovie.swift */,
				4FBE7A072C49080200D2FF5B /* OMDBRating.swift */,
				4FBE7A092C49084400D2FF5B /* OMDBMovies.swift */,
			);
			path = OMDB;
			sourceTree = "<group>";
		};
		4FBE7A0E2C49111A00D2FF5B /* TMDB */ = {
			isa = PBXGroup;
			children = (
				4FBE7A0F2C4911A800D2FF5B /* TMDBMovies.swift */,
				4FBE7A112C4911BA00D2FF5B /* TMDBMovie.swift */,
			);
			path = TMDB;
			sourceTree = "<group>";
		};
		4FBE7A132C491ED100D2FF5B /* UIComponents */ = {
			isa = PBXGroup;
			children = (
				4FBE7A222C491F9A00D2FF5B /* MeImage.swift */,
			);
			path = UIComponents;
			sourceTree = "<group>";
		};
		4FBE7A162C491F5100D2FF5B /* Movies */ = {
			isa = PBXGroup;
			children = (
				4FBE7A172C491F5D00D2FF5B /* MoviesScreen.swift */,
				A6F070C02C493FF70098B1C3 /* StarView.swift */,
				A6441C062C492B9B00B16FB0 /* MovieCard.swift */,
				A6F070C22C4948350098B1C3 /* MovieDetail.swift */,
			);
			path = Movies;
			sourceTree = "<group>";
		};
		4FBE7A192C491F6100D2FF5B /* Map */ = {
			isa = PBXGroup;
			children = (
				4FBE7A1A2C491F7200D2FF5B /* MapScreen.swift */,
			);
			path = Map;
			sourceTree = "<group>";
		};
		4FBE7A1C2C491F7400D2FF5B /* Match */ = {
			isa = PBXGroup;
			children = (
				4FBE7A1D2C491F8000D2FF5B /* MatchScreen.swift */,
			);
			path = Match;
			sourceTree = "<group>";
		};
		4FBE7A1F2C491F8400D2FF5B /* Me */ = {
			isa = PBXGroup;
			children = (
				4FBE7A202C491F8C00D2FF5B /* MeScreen.swift */,
			);
			path = Me;
			sourceTree = "<group>";
		};
		4FBE7A272C49246500D2FF5B /* Managers */ = {
			isa = PBXGroup;
			children = (
				4FBE7A282C49246F00D2FF5B /* LocationManager.swift */,
			);
			path = Managers;
			sourceTree = "<group>";
		};
/* End PBXGroup section */

/* Begin PBXNativeTarget section */
		4FBE79DF2C47FCA500D2FF5B /* Hackathon3 */ = {
			isa = PBXNativeTarget;
			buildConfigurationList = 4FBE79EE2C47FCA600D2FF5B /* Build configuration list for PBXNativeTarget "Hackathon3" */;
			buildPhases = (
				4FBE79DC2C47FCA500D2FF5B /* Sources */,
				4FBE79DD2C47FCA500D2FF5B /* Frameworks */,
				4FBE79DE2C47FCA500D2FF5B /* Resources */,
			);
			buildRules = (
			);
			dependencies = (
			);
			name = Hackathon3;
			packageProductDependencies = (
				4FBE79FE2C47FDC600D2FF5B /* Mammut */,
				4FBE7A012C47FDD300D2FF5B /* SwiftChameleon */,
				4FBE7A252C49220100D2FF5B /* Kingfisher */,
			);
			productName = Hackathon3;
			productReference = 4FBE79E02C47FCA500D2FF5B /* Hackathon3.app */;
			productType = "com.apple.product-type.application";
		};
/* End PBXNativeTarget section */

/* Begin PBXProject section */
		4FBE79D82C47FCA500D2FF5B /* Project object */ = {
			isa = PBXProject;
			attributes = {
				BuildIndependentTargetsInParallel = 1;
				LastSwiftUpdateCheck = 1540;
				LastUpgradeCheck = 1540;
				TargetAttributes = {
					4FBE79DF2C47FCA500D2FF5B = {
						CreatedOnToolsVersion = 15.4;
					};
				};
			};
			buildConfigurationList = 4FBE79DB2C47FCA500D2FF5B /* Build configuration list for PBXProject "Hackathon3" */;
			compatibilityVersion = "Xcode 14.0";
			developmentRegion = en;
			hasScannedForEncodings = 0;
			knownRegions = (
				en,
				Base,
			);
			mainGroup = 4FBE79D72C47FCA500D2FF5B;
			packageReferences = (
				4FBE79FD2C47FDC600D2FF5B /* XCRemoteSwiftPackageReference "Mammut" */,
				4FBE7A002C47FDD300D2FF5B /* XCRemoteSwiftPackageReference "SwiftChameleon" */,
				4FBE7A242C49220100D2FF5B /* XCRemoteSwiftPackageReference "Kingfisher" */,
			);
			productRefGroup = 4FBE79E12C47FCA500D2FF5B /* Products */;
			projectDirPath = "";
			projectRoot = "";
			targets = (
				4FBE79DF2C47FCA500D2FF5B /* Hackathon3 */,
			);
		};
/* End PBXProject section */

/* Begin PBXResourcesBuildPhase section */
		4FBE79DE2C47FCA500D2FF5B /* Resources */ = {
			isa = PBXResourcesBuildPhase;
			buildActionMask = 2147483647;
			files = (
				4FBE79EB2C47FCA600D2FF5B /* Preview Assets.xcassets in Resources */,
				4FBE79E82C47FCA600D2FF5B /* Assets.xcassets in Resources */,
			);
			runOnlyForDeploymentPostprocessing = 0;
		};
/* End PBXResourcesBuildPhase section */

/* Begin PBXSourcesBuildPhase section */
		4FBE79DC2C47FCA500D2FF5B /* Sources */ = {
			isa = PBXSourcesBuildPhase;
			buildActionMask = 2147483647;
			files = (
				A6441C072C492B9B00B16FB0 /* MovieCard.swift in Sources */,
				4FBE7A062C4907E900D2FF5B /* OMDBMovie.swift in Sources */,
				4FBE7A082C49080200D2FF5B /* OMDBRating.swift in Sources */,
				4FBE79E62C47FCA500D2FF5B /* MainScreen.swift in Sources */,
				4FBE79F82C47FD6800D2FF5B /* ErrorObj.swift in Sources */,
				4FBE7A102C4911A800D2FF5B /* TMDBMovies.swift in Sources */,
				4FBE7A0C2C490E1D00D2FF5B /* TmDB.swift in Sources */,
				4FBE7A152C491EE800D2FF5B /* TabItem.swift in Sources */,
				4FBE7A042C47FEB200D2FF5B /* Network.swift in Sources */,
				4FBE7A182C491F5D00D2FF5B /* MoviesScreen.swift in Sources */,
				4FBE7A1E2C491F8000D2FF5B /* MatchScreen.swift in Sources */,
				4FBE7A1B2C491F7200D2FF5B /* MapScreen.swift in Sources */,
				A6F070C12C493FF70098B1C3 /* StarView.swift in Sources */,
				4FBE7A0A2C49084400D2FF5B /* OMDBMovies.swift in Sources */,
				4FBE7A212C491F8C00D2FF5B /* MeScreen.swift in Sources */,
				4FBE7A232C491F9A00D2FF5B /* MeImage.swift in Sources */,
				4FBE79FA2C47FD8000D2FF5B /* NetworkEnv.swift in Sources */,
				4FBE7A122C4911BA00D2FF5B /* TMDBMovie.swift in Sources */,
				4FBE79E42C47FCA500D2FF5B /* Hackathon3App.swift in Sources */,
				4FBE7A292C49246F00D2FF5B /* LocationManager.swift in Sources */,
				4FBE79FC2C47FDAC00D2FF5B /* OMDB.swift in Sources */,
				A6F070C32C4948350098B1C3 /* MovieDetail.swift in Sources */,
			);
			runOnlyForDeploymentPostprocessing = 0;
		};
/* End PBXSourcesBuildPhase section */

/* Begin XCBuildConfiguration section */
		4FBE79EC2C47FCA600D2FF5B /* Debug */ = {
			isa = XCBuildConfiguration;
			buildSettings = {
				ALWAYS_SEARCH_USER_PATHS = NO;
				ASSETCATALOG_COMPILER_GENERATE_SWIFT_ASSET_SYMBOL_EXTENSIONS = YES;
				CLANG_ANALYZER_NONNULL = YES;
				CLANG_ANALYZER_NUMBER_OBJECT_CONVERSION = YES_AGGRESSIVE;
				CLANG_CXX_LANGUAGE_STANDARD = "gnu++20";
				CLANG_ENABLE_MODULES = YES;
				CLANG_ENABLE_OBJC_ARC = YES;
				CLANG_ENABLE_OBJC_WEAK = YES;
				CLANG_WARN_BLOCK_CAPTURE_AUTORELEASING = YES;
				CLANG_WARN_BOOL_CONVERSION = YES;
				CLANG_WARN_COMMA = YES;
				CLANG_WARN_CONSTANT_CONVERSION = YES;
				CLANG_WARN_DEPRECATED_OBJC_IMPLEMENTATIONS = YES;
				CLANG_WARN_DIRECT_OBJC_ISA_USAGE = YES_ERROR;
				CLANG_WARN_DOCUMENTATION_COMMENTS = YES;
				CLANG_WARN_EMPTY_BODY = YES;
				CLANG_WARN_ENUM_CONVERSION = YES;
				CLANG_WARN_INFINITE_RECURSION = YES;
				CLANG_WARN_INT_CONVERSION = YES;
				CLANG_WARN_NON_LITERAL_NULL_CONVERSION = YES;
				CLANG_WARN_OBJC_IMPLICIT_RETAIN_SELF = YES;
				CLANG_WARN_OBJC_LITERAL_CONVERSION = YES;
				CLANG_WARN_OBJC_ROOT_CLASS = YES_ERROR;
				CLANG_WARN_QUOTED_INCLUDE_IN_FRAMEWORK_HEADER = YES;
				CLANG_WARN_RANGE_LOOP_ANALYSIS = YES;
				CLANG_WARN_STRICT_PROTOTYPES = YES;
				CLANG_WARN_SUSPICIOUS_MOVE = YES;
				CLANG_WARN_UNGUARDED_AVAILABILITY = YES_AGGRESSIVE;
				CLANG_WARN_UNREACHABLE_CODE = YES;
				CLANG_WARN__DUPLICATE_METHOD_MATCH = YES;
				COPY_PHASE_STRIP = NO;
				DEBUG_INFORMATION_FORMAT = dwarf;
				ENABLE_STRICT_OBJC_MSGSEND = YES;
				ENABLE_TESTABILITY = YES;
				ENABLE_USER_SCRIPT_SANDBOXING = YES;
				GCC_C_LANGUAGE_STANDARD = gnu17;
				GCC_DYNAMIC_NO_PIC = NO;
				GCC_NO_COMMON_BLOCKS = YES;
				GCC_OPTIMIZATION_LEVEL = 0;
				GCC_PREPROCESSOR_DEFINITIONS = (
					"DEBUG=1",
					"$(inherited)",
				);
				GCC_WARN_64_TO_32_BIT_CONVERSION = YES;
				GCC_WARN_ABOUT_RETURN_TYPE = YES_ERROR;
				GCC_WARN_UNDECLARED_SELECTOR = YES;
				GCC_WARN_UNINITIALIZED_AUTOS = YES_AGGRESSIVE;
				GCC_WARN_UNUSED_FUNCTION = YES;
				GCC_WARN_UNUSED_VARIABLE = YES;
				IPHONEOS_DEPLOYMENT_TARGET = 17.5;
				LOCALIZATION_PREFERS_STRING_CATALOGS = YES;
				MTL_ENABLE_DEBUG_INFO = INCLUDE_SOURCE;
				MTL_FAST_MATH = YES;
				ONLY_ACTIVE_ARCH = YES;
				SDKROOT = iphoneos;
				SWIFT_ACTIVE_COMPILATION_CONDITIONS = "DEBUG $(inherited)";
				SWIFT_OPTIMIZATION_LEVEL = "-Onone";
			};
			name = Debug;
		};
		4FBE79ED2C47FCA600D2FF5B /* Release */ = {
			isa = XCBuildConfiguration;
			buildSettings = {
				ALWAYS_SEARCH_USER_PATHS = NO;
				ASSETCATALOG_COMPILER_GENERATE_SWIFT_ASSET_SYMBOL_EXTENSIONS = YES;
				CLANG_ANALYZER_NONNULL = YES;
				CLANG_ANALYZER_NUMBER_OBJECT_CONVERSION = YES_AGGRESSIVE;
				CLANG_CXX_LANGUAGE_STANDARD = "gnu++20";
				CLANG_ENABLE_MODULES = YES;
				CLANG_ENABLE_OBJC_ARC = YES;
				CLANG_ENABLE_OBJC_WEAK = YES;
				CLANG_WARN_BLOCK_CAPTURE_AUTORELEASING = YES;
				CLANG_WARN_BOOL_CONVERSION = YES;
				CLANG_WARN_COMMA = YES;
				CLANG_WARN_CONSTANT_CONVERSION = YES;
				CLANG_WARN_DEPRECATED_OBJC_IMPLEMENTATIONS = YES;
				CLANG_WARN_DIRECT_OBJC_ISA_USAGE = YES_ERROR;
				CLANG_WARN_DOCUMENTATION_COMMENTS = YES;
				CLANG_WARN_EMPTY_BODY = YES;
				CLANG_WARN_ENUM_CONVERSION = YES;
				CLANG_WARN_INFINITE_RECURSION = YES;
				CLANG_WARN_INT_CONVERSION = YES;
				CLANG_WARN_NON_LITERAL_NULL_CONVERSION = YES;
				CLANG_WARN_OBJC_IMPLICIT_RETAIN_SELF = YES;
				CLANG_WARN_OBJC_LITERAL_CONVERSION = YES;
				CLANG_WARN_OBJC_ROOT_CLASS = YES_ERROR;
				CLANG_WARN_QUOTED_INCLUDE_IN_FRAMEWORK_HEADER = YES;
				CLANG_WARN_RANGE_LOOP_ANALYSIS = YES;
				CLANG_WARN_STRICT_PROTOTYPES = YES;
				CLANG_WARN_SUSPICIOUS_MOVE = YES;
				CLANG_WARN_UNGUARDED_AVAILABILITY = YES_AGGRESSIVE;
				CLANG_WARN_UNREACHABLE_CODE = YES;
				CLANG_WARN__DUPLICATE_METHOD_MATCH = YES;
				COPY_PHASE_STRIP = NO;
				DEBUG_INFORMATION_FORMAT = "dwarf-with-dsym";
				ENABLE_NS_ASSERTIONS = NO;
				ENABLE_STRICT_OBJC_MSGSEND = YES;
				ENABLE_USER_SCRIPT_SANDBOXING = YES;
				GCC_C_LANGUAGE_STANDARD = gnu17;
				GCC_NO_COMMON_BLOCKS = YES;
				GCC_WARN_64_TO_32_BIT_CONVERSION = YES;
				GCC_WARN_ABOUT_RETURN_TYPE = YES_ERROR;
				GCC_WARN_UNDECLARED_SELECTOR = YES;
				GCC_WARN_UNINITIALIZED_AUTOS = YES_AGGRESSIVE;
				GCC_WARN_UNUSED_FUNCTION = YES;
				GCC_WARN_UNUSED_VARIABLE = YES;
				IPHONEOS_DEPLOYMENT_TARGET = 17.5;
				LOCALIZATION_PREFERS_STRING_CATALOGS = YES;
				MTL_ENABLE_DEBUG_INFO = NO;
				MTL_FAST_MATH = YES;
				SDKROOT = iphoneos;
				SWIFT_COMPILATION_MODE = wholemodule;
				VALIDATE_PRODUCT = YES;
			};
			name = Release;
		};
		4FBE79EF2C47FCA600D2FF5B /* Debug */ = {
			isa = XCBuildConfiguration;
			buildSettings = {
				ASSETCATALOG_COMPILER_APPICON_NAME = AppIcon;
				ASSETCATALOG_COMPILER_GLOBAL_ACCENT_COLOR_NAME = AccentColor;
				CODE_SIGN_STYLE = Automatic;
				CURRENT_PROJECT_VERSION = 1;
				DEVELOPMENT_ASSET_PATHS = "\"Hackathon3/Preview Content\"";
				DEVELOPMENT_TEAM = PSU9VZHG7L;
				ENABLE_PREVIEWS = YES;
				GENERATE_INFOPLIST_FILE = YES;
				INFOPLIST_KEY_NSLocationWhenInUseUsageDescription = "Zum anzeigen deiner Position auf der Karte";
				INFOPLIST_KEY_UIApplicationSceneManifest_Generation = YES;
				INFOPLIST_KEY_UIApplicationSupportsIndirectInputEvents = YES;
				INFOPLIST_KEY_UILaunchScreen_Generation = YES;
				INFOPLIST_KEY_UISupportedInterfaceOrientations_iPad = "UIInterfaceOrientationPortrait UIInterfaceOrientationPortraitUpsideDown UIInterfaceOrientationLandscapeLeft UIInterfaceOrientationLandscapeRight";
				INFOPLIST_KEY_UISupportedInterfaceOrientations_iPhone = "UIInterfaceOrientationPortrait UIInterfaceOrientationLandscapeLeft UIInterfaceOrientationLandscapeRight";
				IPHONEOS_DEPLOYMENT_TARGET = 17.0;
				LD_RUNPATH_SEARCH_PATHS = (
					"$(inherited)",
					"@executable_path/Frameworks",
				);
				MARKETING_VERSION = 1.0;
				PRODUCT_BUNDLE_IDENTIFIER = io.zwicker.Hackathon3;
				PRODUCT_NAME = "$(TARGET_NAME)";
				SUPPORTED_PLATFORMS = "iphoneos iphonesimulator";
				SUPPORTS_MACCATALYST = NO;
				SUPPORTS_MAC_DESIGNED_FOR_IPHONE_IPAD = NO;
				SUPPORTS_XR_DESIGNED_FOR_IPHONE_IPAD = NO;
				SWIFT_EMIT_LOC_STRINGS = YES;
				SWIFT_VERSION = 5.0;
				TARGETED_DEVICE_FAMILY = 1;
			};
			name = Debug;
		};
		4FBE79F02C47FCA600D2FF5B /* Release */ = {
			isa = XCBuildConfiguration;
			buildSettings = {
				ASSETCATALOG_COMPILER_APPICON_NAME = AppIcon;
				ASSETCATALOG_COMPILER_GLOBAL_ACCENT_COLOR_NAME = AccentColor;
				CODE_SIGN_STYLE = Automatic;
				CURRENT_PROJECT_VERSION = 1;
				DEVELOPMENT_ASSET_PATHS = "\"Hackathon3/Preview Content\"";
				DEVELOPMENT_TEAM = PSU9VZHG7L;
				ENABLE_PREVIEWS = YES;
				GENERATE_INFOPLIST_FILE = YES;
				INFOPLIST_KEY_NSLocationWhenInUseUsageDescription = "Zum anzeigen deiner Position auf der Karte";
				INFOPLIST_KEY_UIApplicationSceneManifest_Generation = YES;
				INFOPLIST_KEY_UIApplicationSupportsIndirectInputEvents = YES;
				INFOPLIST_KEY_UILaunchScreen_Generation = YES;
				INFOPLIST_KEY_UISupportedInterfaceOrientations_iPad = "UIInterfaceOrientationPortrait UIInterfaceOrientationPortraitUpsideDown UIInterfaceOrientationLandscapeLeft UIInterfaceOrientationLandscapeRight";
				INFOPLIST_KEY_UISupportedInterfaceOrientations_iPhone = "UIInterfaceOrientationPortrait UIInterfaceOrientationLandscapeLeft UIInterfaceOrientationLandscapeRight";
				IPHONEOS_DEPLOYMENT_TARGET = 17.0;
				LD_RUNPATH_SEARCH_PATHS = (
					"$(inherited)",
					"@executable_path/Frameworks",
				);
				MARKETING_VERSION = 1.0;
				PRODUCT_BUNDLE_IDENTIFIER = io.zwicker.Hackathon3;
				PRODUCT_NAME = "$(TARGET_NAME)";
				SUPPORTED_PLATFORMS = "iphoneos iphonesimulator";
				SUPPORTS_MACCATALYST = NO;
				SUPPORTS_MAC_DESIGNED_FOR_IPHONE_IPAD = NO;
				SUPPORTS_XR_DESIGNED_FOR_IPHONE_IPAD = NO;
				SWIFT_EMIT_LOC_STRINGS = YES;
				SWIFT_VERSION = 5.0;
				TARGETED_DEVICE_FAMILY = 1;
			};
			name = Release;
		};
/* End XCBuildConfiguration section */

/* Begin XCConfigurationList section */
		4FBE79DB2C47FCA500D2FF5B /* Build configuration list for PBXProject "Hackathon3" */ = {
			isa = XCConfigurationList;
			buildConfigurations = (
				4FBE79EC2C47FCA600D2FF5B /* Debug */,
				4FBE79ED2C47FCA600D2FF5B /* Release */,
			);
			defaultConfigurationIsVisible = 0;
			defaultConfigurationName = Release;
		};
		4FBE79EE2C47FCA600D2FF5B /* Build configuration list for PBXNativeTarget "Hackathon3" */ = {
			isa = XCConfigurationList;
			buildConfigurations = (
				4FBE79EF2C47FCA600D2FF5B /* Debug */,
				4FBE79F02C47FCA600D2FF5B /* Release */,
			);
			defaultConfigurationIsVisible = 0;
			defaultConfigurationName = Release;
		};
/* End XCConfigurationList section */

/* Begin XCRemoteSwiftPackageReference section */
		4FBE79FD2C47FDC600D2FF5B /* XCRemoteSwiftPackageReference "Mammut" */ = {
			isa = XCRemoteSwiftPackageReference;
			repositoryURL = "https://github.com/simon-zwicker/Mammut";
			requirement = {
				branch = main;
				kind = branch;
			};
		};
		4FBE7A002C47FDD300D2FF5B /* XCRemoteSwiftPackageReference "SwiftChameleon" */ = {
			isa = XCRemoteSwiftPackageReference;
			repositoryURL = "https://github.com/simon-zwicker/SwiftChameleon";
			requirement = {
				branch = main;
				kind = branch;
			};
		};
		4FBE7A242C49220100D2FF5B /* XCRemoteSwiftPackageReference "Kingfisher" */ = {
			isa = XCRemoteSwiftPackageReference;
			repositoryURL = "https://github.com/onevcat/Kingfisher";
			requirement = {
				kind = upToNextMajorVersion;
				minimumVersion = 7.12.0;
			};
		};
/* End XCRemoteSwiftPackageReference section */

/* Begin XCSwiftPackageProductDependency section */
		4FBE79FE2C47FDC600D2FF5B /* Mammut */ = {
			isa = XCSwiftPackageProductDependency;
			package = 4FBE79FD2C47FDC600D2FF5B /* XCRemoteSwiftPackageReference "Mammut" */;
			productName = Mammut;
		};
		4FBE7A012C47FDD300D2FF5B /* SwiftChameleon */ = {
			isa = XCSwiftPackageProductDependency;
			package = 4FBE7A002C47FDD300D2FF5B /* XCRemoteSwiftPackageReference "SwiftChameleon" */;
			productName = SwiftChameleon;
		};
		4FBE7A252C49220100D2FF5B /* Kingfisher */ = {
			isa = XCSwiftPackageProductDependency;
			package = 4FBE7A242C49220100D2FF5B /* XCRemoteSwiftPackageReference "Kingfisher" */;
			productName = Kingfisher;
		};
/* End XCSwiftPackageProductDependency section */
	};
	rootObject = 4FBE79D82C47FCA500D2FF5B /* Project object */;
}
